// !$*UTF8*$!
{
	archiveVersion = 1;
	classes = {
	};
	objectVersion = 56;
	objects = {

/* Begin PBXBuildFile section */
		9800F08E2B998BD10002BB7A /* PVPFilmAPIRouterHelper.swift in Sources */ = {isa = PBXBuildFile; fileRef = 9800F08D2B998BD10002BB7A /* PVPFilmAPIRouterHelper.swift */; };
		9800F0912B998D870002BB7A /* PVPFilmHomeAPIRouter.swift in Sources */ = {isa = PBXBuildFile; fileRef = 9800F0902B998D870002BB7A /* PVPFilmHomeAPIRouter.swift */; };
		9800F0932B998E8B0002BB7A /* PVPFilmHomeUseCase.swift in Sources */ = {isa = PBXBuildFile; fileRef = 9800F0922B998E8B0002BB7A /* PVPFilmHomeUseCase.swift */; };
		9800F0952B998E9C0002BB7A /* PVPFilmHomeCoordinator.swift in Sources */ = {isa = PBXBuildFile; fileRef = 9800F0942B998E9C0002BB7A /* PVPFilmHomeCoordinator.swift */; };
		9800F0972B998EEF0002BB7A /* PVPFilmHelper.swift in Sources */ = {isa = PBXBuildFile; fileRef = 9800F0962B998EEF0002BB7A /* PVPFilmHelper.swift */; };
		985D489D2B9A077600BD65A8 /* PVPFilmDetaiilViewController.swift in Sources */ = {isa = PBXBuildFile; fileRef = 985D489B2B9A077600BD65A8 /* PVPFilmDetaiilViewController.swift */; };
		985D489E2B9A077600BD65A8 /* PVPFilmDetaiilViewController.xib in Resources */ = {isa = PBXBuildFile; fileRef = 985D489C2B9A077600BD65A8 /* PVPFilmDetaiilViewController.xib */; };
		985D48A02B9A079B00BD65A8 /* PVPFilmDetaiilViewModel.swift in Sources */ = {isa = PBXBuildFile; fileRef = 985D489F2B9A079B00BD65A8 /* PVPFilmDetaiilViewModel.swift */; };
		985D48A22B9A07B800BD65A8 /* PVPFilmDetaiilUseCase.swift in Sources */ = {isa = PBXBuildFile; fileRef = 985D48A12B9A07B800BD65A8 /* PVPFilmDetaiilUseCase.swift */; };
		985D48A42B9A07E400BD65A8 /* PVPFilmDetaiilVCoordinator.swift in Sources */ = {isa = PBXBuildFile; fileRef = 985D48A32B9A07E400BD65A8 /* PVPFilmDetaiilVCoordinator.swift */; };
		9874265A2B985A580014939B /* PVPFilmBaseAPIRouter.swift in Sources */ = {isa = PBXBuildFile; fileRef = 987426592B985A580014939B /* PVPFilmBaseAPIRouter.swift */; };
		9874265C2B985C2D0014939B /* PVPFilmError.swift in Sources */ = {isa = PBXBuildFile; fileRef = 9874265B2B985C2D0014939B /* PVPFilmError.swift */; };
		9874265F2B98715F0014939B /* PVPFilmDetailModel.swift in Sources */ = {isa = PBXBuildFile; fileRef = 9874265E2B98715F0014939B /* PVPFilmDetailModel.swift */; };
		987426612B9874440014939B /* PVPFilmByCategoryModel.swift in Sources */ = {isa = PBXBuildFile; fileRef = 987426602B9874440014939B /* PVPFilmByCategoryModel.swift */; };
		987426632B9875BB0014939B /* PVPFilmSearchViewModel.swift in Sources */ = {isa = PBXBuildFile; fileRef = 987426622B9875BB0014939B /* PVPFilmSearchViewModel.swift */; };
		987426652B9878950014939B /* PVPFilmObservable.swift in Sources */ = {isa = PBXBuildFile; fileRef = 987426642B9878950014939B /* PVPFilmObservable.swift */; };
		987426672B987AFF0014939B /* PVPFilmHomeViewModel.swift in Sources */ = {isa = PBXBuildFile; fileRef = 987426662B987AFF0014939B /* PVPFilmHomeViewModel.swift */; };
		987426692B987CA20014939B /* Array+Ext.swift in Sources */ = {isa = PBXBuildFile; fileRef = 987426682B987CA20014939B /* Array+Ext.swift */; };
		9874266D2B987D7C0014939B /* PVPFilmHomeTableViewCell.swift in Sources */ = {isa = PBXBuildFile; fileRef = 9874266B2B987D7C0014939B /* PVPFilmHomeTableViewCell.swift */; };
		9874266E2B987D7C0014939B /* PVPFilmHomeTableViewCell.xib in Resources */ = {isa = PBXBuildFile; fileRef = 9874266C2B987D7C0014939B /* PVPFilmHomeTableViewCell.xib */; };
		987426702B987FCF0014939B /* UIView+Ext.swift in Sources */ = {isa = PBXBuildFile; fileRef = 9874266F2B987FCF0014939B /* UIView+Ext.swift */; };
		987426732B9880500014939B /* PVPFilmHomeCollectionViewCell.swift in Sources */ = {isa = PBXBuildFile; fileRef = 987426712B9880500014939B /* PVPFilmHomeCollectionViewCell.swift */; };
		987426742B9880500014939B /* PVPFilmHomeCollectionViewCell.xib in Resources */ = {isa = PBXBuildFile; fileRef = 987426722B9880500014939B /* PVPFilmHomeCollectionViewCell.xib */; };
		989BFE4C2B9954B4003354B9 /* UIImageView+Ext.swift in Sources */ = {isa = PBXBuildFile; fileRef = 989BFE4B2B9954B4003354B9 /* UIImageView+Ext.swift */; };
		98A39AC62B99CB6C008E5676 /* PVPFilmSearchCoordinator.swift in Sources */ = {isa = PBXBuildFile; fileRef = 98A39AC42B99CB6C008E5676 /* PVPFilmSearchCoordinator.swift */; };
		98A39AC72B99CB6C008E5676 /* PVPFilmSearchUseCase.swift in Sources */ = {isa = PBXBuildFile; fileRef = 98A39AC52B99CB6C008E5676 /* PVPFilmSearchUseCase.swift */; };
		98A39AC92B99CCBB008E5676 /* PVPFilmSearchAPIRouter.swift in Sources */ = {isa = PBXBuildFile; fileRef = 98A39AC82B99CCBB008E5676 /* PVPFilmSearchAPIRouter.swift */; };
		98A39ACB2B99D7CC008E5676 /* Debouncer.swift in Sources */ = {isa = PBXBuildFile; fileRef = 98A39ACA2B99D7CC008E5676 /* Debouncer.swift */; };
		98D0B2342B9AA7EF000904C9 /* PVPFilmDetaiilAPIRouter.swift in Sources */ = {isa = PBXBuildFile; fileRef = 98D0B2332B9AA7EF000904C9 /* PVPFilmDetaiilAPIRouter.swift */; };
		98D0B2382B9AAFA9000904C9 /* PVPFilmDetailDescriptionTBVCell.swift in Sources */ = {isa = PBXBuildFile; fileRef = 98D0B2362B9AAFA9000904C9 /* PVPFilmDetailDescriptionTBVCell.swift */; };
		98D0B2392B9AAFA9000904C9 /* PVPFilmDetailDescriptionTBVCell.xib in Resources */ = {isa = PBXBuildFile; fileRef = 98D0B2372B9AAFA9000904C9 /* PVPFilmDetailDescriptionTBVCell.xib */; };
		98D0B23C2B9AB003000904C9 /* PVPFilmDetailEpisodeTBVCell.swift in Sources */ = {isa = PBXBuildFile; fileRef = 98D0B23A2B9AB003000904C9 /* PVPFilmDetailEpisodeTBVCell.swift */; };
		98D0B23D2B9AB003000904C9 /* PVPFilmDetailEpisodeTBVCell.xib in Resources */ = {isa = PBXBuildFile; fileRef = 98D0B23B2B9AB003000904C9 /* PVPFilmDetailEpisodeTBVCell.xib */; };
		98F0FFCC2B9843A9003FB7F4 /* AppDelegate.swift in Sources */ = {isa = PBXBuildFile; fileRef = 98F0FFCB2B9843A9003FB7F4 /* AppDelegate.swift */; };
		98F0FFD52B9843AA003FB7F4 /* Assets.xcassets in Resources */ = {isa = PBXBuildFile; fileRef = 98F0FFD42B9843AA003FB7F4 /* Assets.xcassets */; };
		98F0FFD82B9843AA003FB7F4 /* LaunchScreen.storyboard in Resources */ = {isa = PBXBuildFile; fileRef = 98F0FFD62B9843AA003FB7F4 /* LaunchScreen.storyboard */; };
		98F0FFE22B984AEF003FB7F4 /* PVPFilmTabBarViewController.swift in Sources */ = {isa = PBXBuildFile; fileRef = 98F0FFE12B984AEF003FB7F4 /* PVPFilmTabBarViewController.swift */; };
		98F0FFE72B984C10003FB7F4 /* PVPFilmHomeViewController.swift in Sources */ = {isa = PBXBuildFile; fileRef = 98F0FFE52B984C10003FB7F4 /* PVPFilmHomeViewController.swift */; };
		98F0FFE82B984C10003FB7F4 /* PVPFilmHomeViewController.xib in Resources */ = {isa = PBXBuildFile; fileRef = 98F0FFE62B984C10003FB7F4 /* PVPFilmHomeViewController.xib */; };
		98F0FFEC2B984D85003FB7F4 /* PVPFilmSearchViewController.swift in Sources */ = {isa = PBXBuildFile; fileRef = 98F0FFEA2B984D85003FB7F4 /* PVPFilmSearchViewController.swift */; };
		98F0FFED2B984D85003FB7F4 /* PVPFilmSearchViewController.xib in Resources */ = {isa = PBXBuildFile; fileRef = 98F0FFEB2B984D85003FB7F4 /* PVPFilmSearchViewController.xib */; };
		98FBD1B02B9B50E6003B69D6 /* String+Ext.swift in Sources */ = {isa = PBXBuildFile; fileRef = 98FBD1AF2B9B50E6003B69D6 /* String+Ext.swift */; };
		98FBD1B22B9B51B2003B69D6 /* PVPFilmFilterView.swift in Sources */ = {isa = PBXBuildFile; fileRef = 98FBD1B12B9B51B2003B69D6 /* PVPFilmFilterView.swift */; };
		98FBD1B42B9B52D8003B69D6 /* PVPFilmFilterView.xib in Resources */ = {isa = PBXBuildFile; fileRef = 98FBD1B32B9B52D8003B69D6 /* PVPFilmFilterView.xib */; };
		98FBD1B72B9B53C3003B69D6 /* PVPFilmFilterCLVCell.swift in Sources */ = {isa = PBXBuildFile; fileRef = 98FBD1B52B9B53C3003B69D6 /* PVPFilmFilterCLVCell.swift */; };
		98FBD1B82B9B53C3003B69D6 /* PVPFilmFilterCLVCell.xib in Resources */ = {isa = PBXBuildFile; fileRef = 98FBD1B62B9B53C3003B69D6 /* PVPFilmFilterCLVCell.xib */; };
		98FBD1BA2B9B558B003B69D6 /* PVPFilmFilterType.swift in Sources */ = {isa = PBXBuildFile; fileRef = 98FBD1B92B9B558B003B69D6 /* PVPFilmFilterType.swift */; };
		98FBD1BE2B9B6973003B69D6 /* PVPFilmHomeFilterTBVCell.swift in Sources */ = {isa = PBXBuildFile; fileRef = 98FBD1BC2B9B6973003B69D6 /* PVPFilmHomeFilterTBVCell.swift */; };
		98FBD1BF2B9B6973003B69D6 /* PVPFilmHomeFilterTBVCell.xib in Resources */ = {isa = PBXBuildFile; fileRef = 98FBD1BD2B9B6973003B69D6 /* PVPFilmHomeFilterTBVCell.xib */; };
/* End PBXBuildFile section */

/* Begin PBXFileReference section */
		9800F08D2B998BD10002BB7A /* PVPFilmAPIRouterHelper.swift */ = {isa = PBXFileReference; lastKnownFileType = sourcecode.swift; path = PVPFilmAPIRouterHelper.swift; sourceTree = "<group>"; };
		9800F0902B998D870002BB7A /* PVPFilmHomeAPIRouter.swift */ = {isa = PBXFileReference; lastKnownFileType = sourcecode.swift; path = PVPFilmHomeAPIRouter.swift; sourceTree = "<group>"; };
		9800F0922B998E8B0002BB7A /* PVPFilmHomeUseCase.swift */ = {isa = PBXFileReference; lastKnownFileType = sourcecode.swift; path = PVPFilmHomeUseCase.swift; sourceTree = "<group>"; };
		9800F0942B998E9C0002BB7A /* PVPFilmHomeCoordinator.swift */ = {isa = PBXFileReference; lastKnownFileType = sourcecode.swift; path = PVPFilmHomeCoordinator.swift; sourceTree = "<group>"; };
		9800F0962B998EEF0002BB7A /* PVPFilmHelper.swift */ = {isa = PBXFileReference; lastKnownFileType = sourcecode.swift; path = PVPFilmHelper.swift; sourceTree = "<group>"; };
		985D489B2B9A077600BD65A8 /* PVPFilmDetaiilViewController.swift */ = {isa = PBXFileReference; lastKnownFileType = sourcecode.swift; path = PVPFilmDetaiilViewController.swift; sourceTree = "<group>"; };
		985D489C2B9A077600BD65A8 /* PVPFilmDetaiilViewController.xib */ = {isa = PBXFileReference; lastKnownFileType = file.xib; path = PVPFilmDetaiilViewController.xib; sourceTree = "<group>"; };
		985D489F2B9A079B00BD65A8 /* PVPFilmDetaiilViewModel.swift */ = {isa = PBXFileReference; lastKnownFileType = sourcecode.swift; path = PVPFilmDetaiilViewModel.swift; sourceTree = "<group>"; };
		985D48A12B9A07B800BD65A8 /* PVPFilmDetaiilUseCase.swift */ = {isa = PBXFileReference; lastKnownFileType = sourcecode.swift; path = PVPFilmDetaiilUseCase.swift; sourceTree = "<group>"; };
		985D48A32B9A07E400BD65A8 /* PVPFilmDetaiilVCoordinator.swift */ = {isa = PBXFileReference; lastKnownFileType = sourcecode.swift; path = PVPFilmDetaiilVCoordinator.swift; sourceTree = "<group>"; };
		987426592B985A580014939B /* PVPFilmBaseAPIRouter.swift */ = {isa = PBXFileReference; lastKnownFileType = sourcecode.swift; path = PVPFilmBaseAPIRouter.swift; sourceTree = "<group>"; };
		9874265B2B985C2D0014939B /* PVPFilmError.swift */ = {isa = PBXFileReference; lastKnownFileType = sourcecode.swift; path = PVPFilmError.swift; sourceTree = "<group>"; };
		9874265E2B98715F0014939B /* PVPFilmDetailModel.swift */ = {isa = PBXFileReference; lastKnownFileType = sourcecode.swift; path = PVPFilmDetailModel.swift; sourceTree = "<group>"; };
		987426602B9874440014939B /* PVPFilmByCategoryModel.swift */ = {isa = PBXFileReference; lastKnownFileType = sourcecode.swift; path = PVPFilmByCategoryModel.swift; sourceTree = "<group>"; };
		987426622B9875BB0014939B /* PVPFilmSearchViewModel.swift */ = {isa = PBXFileReference; lastKnownFileType = sourcecode.swift; path = PVPFilmSearchViewModel.swift; sourceTree = "<group>"; };
		987426642B9878950014939B /* PVPFilmObservable.swift */ = {isa = PBXFileReference; lastKnownFileType = sourcecode.swift; path = PVPFilmObservable.swift; sourceTree = "<group>"; };
		987426662B987AFF0014939B /* PVPFilmHomeViewModel.swift */ = {isa = PBXFileReference; lastKnownFileType = sourcecode.swift; path = PVPFilmHomeViewModel.swift; sourceTree = "<group>"; };
		987426682B987CA20014939B /* Array+Ext.swift */ = {isa = PBXFileReference; lastKnownFileType = sourcecode.swift; path = "Array+Ext.swift"; sourceTree = "<group>"; };
		9874266B2B987D7C0014939B /* PVPFilmHomeTableViewCell.swift */ = {isa = PBXFileReference; lastKnownFileType = sourcecode.swift; path = PVPFilmHomeTableViewCell.swift; sourceTree = "<group>"; };
		9874266C2B987D7C0014939B /* PVPFilmHomeTableViewCell.xib */ = {isa = PBXFileReference; lastKnownFileType = file.xib; path = PVPFilmHomeTableViewCell.xib; sourceTree = "<group>"; };
		9874266F2B987FCF0014939B /* UIView+Ext.swift */ = {isa = PBXFileReference; lastKnownFileType = sourcecode.swift; path = "UIView+Ext.swift"; sourceTree = "<group>"; };
		987426712B9880500014939B /* PVPFilmHomeCollectionViewCell.swift */ = {isa = PBXFileReference; lastKnownFileType = sourcecode.swift; path = PVPFilmHomeCollectionViewCell.swift; sourceTree = "<group>"; };
		987426722B9880500014939B /* PVPFilmHomeCollectionViewCell.xib */ = {isa = PBXFileReference; lastKnownFileType = file.xib; path = PVPFilmHomeCollectionViewCell.xib; sourceTree = "<group>"; };
		989BFE4B2B9954B4003354B9 /* UIImageView+Ext.swift */ = {isa = PBXFileReference; lastKnownFileType = sourcecode.swift; path = "UIImageView+Ext.swift"; sourceTree = "<group>"; };
		98A39AC42B99CB6C008E5676 /* PVPFilmSearchCoordinator.swift */ = {isa = PBXFileReference; fileEncoding = 4; lastKnownFileType = sourcecode.swift; path = PVPFilmSearchCoordinator.swift; sourceTree = "<group>"; };
		98A39AC52B99CB6C008E5676 /* PVPFilmSearchUseCase.swift */ = {isa = PBXFileReference; fileEncoding = 4; lastKnownFileType = sourcecode.swift; path = PVPFilmSearchUseCase.swift; sourceTree = "<group>"; };
		98A39AC82B99CCBB008E5676 /* PVPFilmSearchAPIRouter.swift */ = {isa = PBXFileReference; fileEncoding = 4; lastKnownFileType = sourcecode.swift; path = PVPFilmSearchAPIRouter.swift; sourceTree = "<group>"; };
		98A39ACA2B99D7CC008E5676 /* Debouncer.swift */ = {isa = PBXFileReference; lastKnownFileType = sourcecode.swift; path = Debouncer.swift; sourceTree = "<group>"; };
		98D0B2332B9AA7EF000904C9 /* PVPFilmDetaiilAPIRouter.swift */ = {isa = PBXFileReference; lastKnownFileType = sourcecode.swift; path = PVPFilmDetaiilAPIRouter.swift; sourceTree = "<group>"; };
		98D0B2362B9AAFA9000904C9 /* PVPFilmDetailDescriptionTBVCell.swift */ = {isa = PBXFileReference; lastKnownFileType = sourcecode.swift; path = PVPFilmDetailDescriptionTBVCell.swift; sourceTree = "<group>"; };
		98D0B2372B9AAFA9000904C9 /* PVPFilmDetailDescriptionTBVCell.xib */ = {isa = PBXFileReference; lastKnownFileType = file.xib; path = PVPFilmDetailDescriptionTBVCell.xib; sourceTree = "<group>"; };
		98D0B23A2B9AB003000904C9 /* PVPFilmDetailEpisodeTBVCell.swift */ = {isa = PBXFileReference; lastKnownFileType = sourcecode.swift; path = PVPFilmDetailEpisodeTBVCell.swift; sourceTree = "<group>"; };
		98D0B23B2B9AB003000904C9 /* PVPFilmDetailEpisodeTBVCell.xib */ = {isa = PBXFileReference; lastKnownFileType = file.xib; path = PVPFilmDetailEpisodeTBVCell.xib; sourceTree = "<group>"; };
		98F0FFC82B9843A9003FB7F4 /* PhongPVFilm.app */ = {isa = PBXFileReference; explicitFileType = wrapper.application; includeInIndex = 0; path = PhongPVFilm.app; sourceTree = BUILT_PRODUCTS_DIR; };
		98F0FFCB2B9843A9003FB7F4 /* AppDelegate.swift */ = {isa = PBXFileReference; lastKnownFileType = sourcecode.swift; path = AppDelegate.swift; sourceTree = "<group>"; };
		98F0FFD42B9843AA003FB7F4 /* Assets.xcassets */ = {isa = PBXFileReference; lastKnownFileType = folder.assetcatalog; path = Assets.xcassets; sourceTree = "<group>"; };
		98F0FFD72B9843AA003FB7F4 /* Base */ = {isa = PBXFileReference; lastKnownFileType = file.storyboard; name = Base; path = Base.lproj/LaunchScreen.storyboard; sourceTree = "<group>"; };
		98F0FFD92B9843AA003FB7F4 /* Info.plist */ = {isa = PBXFileReference; lastKnownFileType = text.plist.xml; path = Info.plist; sourceTree = "<group>"; };
		98F0FFE12B984AEF003FB7F4 /* PVPFilmTabBarViewController.swift */ = {isa = PBXFileReference; lastKnownFileType = sourcecode.swift; path = PVPFilmTabBarViewController.swift; sourceTree = "<group>"; };
		98F0FFE52B984C10003FB7F4 /* PVPFilmHomeViewController.swift */ = {isa = PBXFileReference; lastKnownFileType = sourcecode.swift; path = PVPFilmHomeViewController.swift; sourceTree = "<group>"; };
		98F0FFE62B984C10003FB7F4 /* PVPFilmHomeViewController.xib */ = {isa = PBXFileReference; lastKnownFileType = file.xib; path = PVPFilmHomeViewController.xib; sourceTree = "<group>"; };
		98F0FFEA2B984D85003FB7F4 /* PVPFilmSearchViewController.swift */ = {isa = PBXFileReference; lastKnownFileType = sourcecode.swift; path = PVPFilmSearchViewController.swift; sourceTree = "<group>"; };
		98F0FFEB2B984D85003FB7F4 /* PVPFilmSearchViewController.xib */ = {isa = PBXFileReference; lastKnownFileType = file.xib; path = PVPFilmSearchViewController.xib; sourceTree = "<group>"; };
		98FBD1AF2B9B50E6003B69D6 /* String+Ext.swift */ = {isa = PBXFileReference; lastKnownFileType = sourcecode.swift; path = "String+Ext.swift"; sourceTree = "<group>"; };
		98FBD1B12B9B51B2003B69D6 /* PVPFilmFilterView.swift */ = {isa = PBXFileReference; lastKnownFileType = sourcecode.swift; path = PVPFilmFilterView.swift; sourceTree = "<group>"; };
		98FBD1B32B9B52D8003B69D6 /* PVPFilmFilterView.xib */ = {isa = PBXFileReference; lastKnownFileType = file.xib; path = PVPFilmFilterView.xib; sourceTree = "<group>"; };
		98FBD1B52B9B53C3003B69D6 /* PVPFilmFilterCLVCell.swift */ = {isa = PBXFileReference; lastKnownFileType = sourcecode.swift; path = PVPFilmFilterCLVCell.swift; sourceTree = "<group>"; };
		98FBD1B62B9B53C3003B69D6 /* PVPFilmFilterCLVCell.xib */ = {isa = PBXFileReference; lastKnownFileType = file.xib; path = PVPFilmFilterCLVCell.xib; sourceTree = "<group>"; };
		98FBD1B92B9B558B003B69D6 /* PVPFilmFilterType.swift */ = {isa = PBXFileReference; lastKnownFileType = sourcecode.swift; path = PVPFilmFilterType.swift; sourceTree = "<group>"; };
		98FBD1BC2B9B6973003B69D6 /* PVPFilmHomeFilterTBVCell.swift */ = {isa = PBXFileReference; lastKnownFileType = sourcecode.swift; path = PVPFilmHomeFilterTBVCell.swift; sourceTree = "<group>"; };
		98FBD1BD2B9B6973003B69D6 /* PVPFilmHomeFilterTBVCell.xib */ = {isa = PBXFileReference; lastKnownFileType = file.xib; path = PVPFilmHomeFilterTBVCell.xib; sourceTree = "<group>"; };
/* End PBXFileReference section */

/* Begin PBXFrameworksBuildPhase section */
		98F0FFC52B9843A9003FB7F4 /* Frameworks */ = {
			isa = PBXFrameworksBuildPhase;
			buildActionMask = 2147483647;
			files = (
			);
			runOnlyForDeploymentPostprocessing = 0;
		};
/* End PBXFrameworksBuildPhase section */

/* Begin PBXGroup section */
		9800F08F2B998D660002BB7A /* Service */ = {
			isa = PBXGroup;
			children = (
				9800F0902B998D870002BB7A /* PVPFilmHomeAPIRouter.swift */,
				98A39AC82B99CCBB008E5676 /* PVPFilmSearchAPIRouter.swift */,
				98D0B2332B9AA7EF000904C9 /* PVPFilmDetaiilAPIRouter.swift */,
			);
			path = Service;
			sourceTree = "<group>";
		};
		985D48992B9A03A800BD65A8 /* Detail */ = {
			isa = PBXGroup;
			children = (
				98D0B2352B9AADEC000904C9 /* Cells */,
				985D489B2B9A077600BD65A8 /* PVPFilmDetaiilViewController.swift */,
				985D489C2B9A077600BD65A8 /* PVPFilmDetaiilViewController.xib */,
				985D489F2B9A079B00BD65A8 /* PVPFilmDetaiilViewModel.swift */,
				985D48A12B9A07B800BD65A8 /* PVPFilmDetaiilUseCase.swift */,
				985D48A32B9A07E400BD65A8 /* PVPFilmDetaiilVCoordinator.swift */,
			);
			path = Detail;
			sourceTree = "<group>";
		};
		9874265D2B9871330014939B /* Model */ = {
			isa = PBXGroup;
			children = (
				9874265E2B98715F0014939B /* PVPFilmDetailModel.swift */,
				987426602B9874440014939B /* PVPFilmByCategoryModel.swift */,
				98FBD1B92B9B558B003B69D6 /* PVPFilmFilterType.swift */,
			);
			path = Model;
			sourceTree = "<group>";
		};
		9874266A2B987D4F0014939B /* Cells */ = {
			isa = PBXGroup;
			children = (
				9874266C2B987D7C0014939B /* PVPFilmHomeTableViewCell.xib */,
				9874266B2B987D7C0014939B /* PVPFilmHomeTableViewCell.swift */,
				987426712B9880500014939B /* PVPFilmHomeCollectionViewCell.swift */,
				987426722B9880500014939B /* PVPFilmHomeCollectionViewCell.xib */,
				98FBD1BC2B9B6973003B69D6 /* PVPFilmHomeFilterTBVCell.swift */,
				98FBD1BD2B9B6973003B69D6 /* PVPFilmHomeFilterTBVCell.xib */,
			);
			path = Cells;
			sourceTree = "<group>";
		};
		98D0B2352B9AADEC000904C9 /* Cells */ = {
			isa = PBXGroup;
			children = (
				98D0B2362B9AAFA9000904C9 /* PVPFilmDetailDescriptionTBVCell.swift */,
				98D0B2372B9AAFA9000904C9 /* PVPFilmDetailDescriptionTBVCell.xib */,
				98D0B23A2B9AB003000904C9 /* PVPFilmDetailEpisodeTBVCell.swift */,
				98D0B23B2B9AB003000904C9 /* PVPFilmDetailEpisodeTBVCell.xib */,
			);
			path = Cells;
			sourceTree = "<group>";
		};
		98F0FFBF2B9843A9003FB7F4 = {
			isa = PBXGroup;
			children = (
				98F0FFCA2B9843A9003FB7F4 /* PhongPVFilm */,
				98F0FFC92B9843A9003FB7F4 /* Products */,
			);
			sourceTree = "<group>";
		};
		98F0FFC92B9843A9003FB7F4 /* Products */ = {
			isa = PBXGroup;
			children = (
				98F0FFC82B9843A9003FB7F4 /* PhongPVFilm.app */,
			);
			name = Products;
			sourceTree = "<group>";
		};
		98F0FFCA2B9843A9003FB7F4 /* PhongPVFilm */ = {
			isa = PBXGroup;
			children = (
				9800F08F2B998D660002BB7A /* Service */,
				9874265D2B9871330014939B /* Model */,
				98F0FFE32B984B81003FB7F4 /* Common */,
				98F0FFDF2B98490D003FB7F4 /* Screens */,
				98F0FFCB2B9843A9003FB7F4 /* AppDelegate.swift */,
				98F0FFD42B9843AA003FB7F4 /* Assets.xcassets */,
				98F0FFD62B9843AA003FB7F4 /* LaunchScreen.storyboard */,
				98F0FFD92B9843AA003FB7F4 /* Info.plist */,
			);
			path = PhongPVFilm;
			sourceTree = "<group>";
		};
		98F0FFDF2B98490D003FB7F4 /* Screens */ = {
			isa = PBXGroup;
			children = (
				985D48992B9A03A800BD65A8 /* Detail */,
				98F0FFE92B984C19003FB7F4 /* Search */,
				98F0FFE42B984B8C003FB7F4 /* Home */,
				98F0FFE02B984952003FB7F4 /* MainTabBar */,
			);
			path = Screens;
			sourceTree = "<group>";
		};
		98F0FFE02B984952003FB7F4 /* MainTabBar */ = {
			isa = PBXGroup;
			children = (
				98F0FFE12B984AEF003FB7F4 /* PVPFilmTabBarViewController.swift */,
			);
			path = MainTabBar;
			sourceTree = "<group>";
		};
		98F0FFE32B984B81003FB7F4 /* Common */ = {
			isa = PBXGroup;
			children = (
				987426592B985A580014939B /* PVPFilmBaseAPIRouter.swift */,
				9874265B2B985C2D0014939B /* PVPFilmError.swift */,
				987426642B9878950014939B /* PVPFilmObservable.swift */,
				987426682B987CA20014939B /* Array+Ext.swift */,
				9874266F2B987FCF0014939B /* UIView+Ext.swift */,
				989BFE4B2B9954B4003354B9 /* UIImageView+Ext.swift */,
				9800F08D2B998BD10002BB7A /* PVPFilmAPIRouterHelper.swift */,
				9800F0962B998EEF0002BB7A /* PVPFilmHelper.swift */,
				98A39ACA2B99D7CC008E5676 /* Debouncer.swift */,
				98FBD1AF2B9B50E6003B69D6 /* String+Ext.swift */,
				98FBD1AE2B9B4FDA003B69D6 /* Views */,
			);
			path = Common;
			sourceTree = "<group>";
		};
		98F0FFE42B984B8C003FB7F4 /* Home */ = {
			isa = PBXGroup;
			children = (
				9874266A2B987D4F0014939B /* Cells */,
				98F0FFE52B984C10003FB7F4 /* PVPFilmHomeViewController.swift */,
				98F0FFE62B984C10003FB7F4 /* PVPFilmHomeViewController.xib */,
				987426662B987AFF0014939B /* PVPFilmHomeViewModel.swift */,
				9800F0922B998E8B0002BB7A /* PVPFilmHomeUseCase.swift */,
				9800F0942B998E9C0002BB7A /* PVPFilmHomeCoordinator.swift */,
			);
			path = Home;
			sourceTree = "<group>";
		};
		98F0FFE92B984C19003FB7F4 /* Search */ = {
			isa = PBXGroup;
			children = (
				98A39AC42B99CB6C008E5676 /* PVPFilmSearchCoordinator.swift */,
				98A39AC52B99CB6C008E5676 /* PVPFilmSearchUseCase.swift */,
				98F0FFEA2B984D85003FB7F4 /* PVPFilmSearchViewController.swift */,
				98F0FFEB2B984D85003FB7F4 /* PVPFilmSearchViewController.xib */,
				987426622B9875BB0014939B /* PVPFilmSearchViewModel.swift */,
			);
			path = Search;
			sourceTree = "<group>";
		};
		98FBD1AE2B9B4FDA003B69D6 /* Views */ = {
			isa = PBXGroup;
			children = (
				98FBD1B12B9B51B2003B69D6 /* PVPFilmFilterView.swift */,
				98FBD1B32B9B52D8003B69D6 /* PVPFilmFilterView.xib */,
				98FBD1BB2B9B691A003B69D6 /* Cells */,
			);
			path = Views;
			sourceTree = "<group>";
		};
		98FBD1BB2B9B691A003B69D6 /* Cells */ = {
			isa = PBXGroup;
			children = (
				98FBD1B52B9B53C3003B69D6 /* PVPFilmFilterCLVCell.swift */,
				98FBD1B62B9B53C3003B69D6 /* PVPFilmFilterCLVCell.xib */,
			);
			path = Cells;
			sourceTree = "<group>";
		};
/* End PBXGroup section */

/* Begin PBXNativeTarget section */
		98F0FFC72B9843A9003FB7F4 /* PhongPVFilm */ = {
			isa = PBXNativeTarget;
			buildConfigurationList = 98F0FFDC2B9843AA003FB7F4 /* Build configuration list for PBXNativeTarget "PhongPVFilm" */;
			buildPhases = (
				98F0FFC42B9843A9003FB7F4 /* Sources */,
				98F0FFC52B9843A9003FB7F4 /* Frameworks */,
				98F0FFC62B9843A9003FB7F4 /* Resources */,
			);
			buildRules = (
			);
			dependencies = (
			);
			name = PhongPVFilm;
			productName = PhongPVFilm;
			productReference = 98F0FFC82B9843A9003FB7F4 /* PhongPVFilm.app */;
			productType = "com.apple.product-type.application";
		};
/* End PBXNativeTarget section */

/* Begin PBXProject section */
		98F0FFC02B9843A9003FB7F4 /* Project object */ = {
			isa = PBXProject;
			attributes = {
				BuildIndependentTargetsInParallel = 1;
				LastSwiftUpdateCheck = 1520;
				LastUpgradeCheck = 1520;
				TargetAttributes = {
					98F0FFC72B9843A9003FB7F4 = {
						CreatedOnToolsVersion = 15.2;
					};
				};
			};
			buildConfigurationList = 98F0FFC32B9843A9003FB7F4 /* Build configuration list for PBXProject "PhongPVFilm" */;
			compatibilityVersion = "Xcode 14.0";
			developmentRegion = en;
			hasScannedForEncodings = 0;
			knownRegions = (
				en,
				Base,
			);
			mainGroup = 98F0FFBF2B9843A9003FB7F4;
			productRefGroup = 98F0FFC92B9843A9003FB7F4 /* Products */;
			projectDirPath = "";
			projectRoot = "";
			targets = (
				98F0FFC72B9843A9003FB7F4 /* PhongPVFilm */,
			);
		};
/* End PBXProject section */

/* Begin PBXResourcesBuildPhase section */
		98F0FFC62B9843A9003FB7F4 /* Resources */ = {
			isa = PBXResourcesBuildPhase;
			buildActionMask = 2147483647;
			files = (
				98F0FFD82B9843AA003FB7F4 /* LaunchScreen.storyboard in Resources */,
				98FBD1B42B9B52D8003B69D6 /* PVPFilmFilterView.xib in Resources */,
				98FBD1B82B9B53C3003B69D6 /* PVPFilmFilterCLVCell.xib in Resources */,
				9874266E2B987D7C0014939B /* PVPFilmHomeTableViewCell.xib in Resources */,
				98F0FFD52B9843AA003FB7F4 /* Assets.xcassets in Resources */,
				98F0FFE82B984C10003FB7F4 /* PVPFilmHomeViewController.xib in Resources */,
				98FBD1BF2B9B6973003B69D6 /* PVPFilmHomeFilterTBVCell.xib in Resources */,
				98D0B23D2B9AB003000904C9 /* PVPFilmDetailEpisodeTBVCell.xib in Resources */,
				987426742B9880500014939B /* PVPFilmHomeCollectionViewCell.xib in Resources */,
				98D0B2392B9AAFA9000904C9 /* PVPFilmDetailDescriptionTBVCell.xib in Resources */,
				98F0FFED2B984D85003FB7F4 /* PVPFilmSearchViewController.xib in Resources */,
				985D489E2B9A077600BD65A8 /* PVPFilmDetaiilViewController.xib in Resources */,
			);
			runOnlyForDeploymentPostprocessing = 0;
		};
/* End PBXResourcesBuildPhase section */

/* Begin PBXSourcesBuildPhase section */
		98F0FFC42B9843A9003FB7F4 /* Sources */ = {
			isa = PBXSourcesBuildPhase;
			buildActionMask = 2147483647;
			files = (
				987426672B987AFF0014939B /* PVPFilmHomeViewModel.swift in Sources */,
				9800F0912B998D870002BB7A /* PVPFilmHomeAPIRouter.swift in Sources */,
				98F0FFE72B984C10003FB7F4 /* PVPFilmHomeViewController.swift in Sources */,
				987426652B9878950014939B /* PVPFilmObservable.swift in Sources */,
				9874265A2B985A580014939B /* PVPFilmBaseAPIRouter.swift in Sources */,
				987426702B987FCF0014939B /* UIView+Ext.swift in Sources */,
				98D0B23C2B9AB003000904C9 /* PVPFilmDetailEpisodeTBVCell.swift in Sources */,
				98FBD1B22B9B51B2003B69D6 /* PVPFilmFilterView.swift in Sources */,
				985D48A02B9A079B00BD65A8 /* PVPFilmDetaiilViewModel.swift in Sources */,
				98F0FFEC2B984D85003FB7F4 /* PVPFilmSearchViewController.swift in Sources */,
				98A39AC62B99CB6C008E5676 /* PVPFilmSearchCoordinator.swift in Sources */,
				98A39ACB2B99D7CC008E5676 /* Debouncer.swift in Sources */,
				98FBD1BE2B9B6973003B69D6 /* PVPFilmHomeFilterTBVCell.swift in Sources */,
				98FBD1BA2B9B558B003B69D6 /* PVPFilmFilterType.swift in Sources */,
				98FBD1B72B9B53C3003B69D6 /* PVPFilmFilterCLVCell.swift in Sources */,
				9800F08E2B998BD10002BB7A /* PVPFilmAPIRouterHelper.swift in Sources */,
				98F0FFCC2B9843A9003FB7F4 /* AppDelegate.swift in Sources */,
				98F0FFE22B984AEF003FB7F4 /* PVPFilmTabBarViewController.swift in Sources */,
				985D48A42B9A07E400BD65A8 /* PVPFilmDetaiilVCoordinator.swift in Sources */,
				989BFE4C2B9954B4003354B9 /* UIImageView+Ext.swift in Sources */,
				9874266D2B987D7C0014939B /* PVPFilmHomeTableViewCell.swift in Sources */,
				987426732B9880500014939B /* PVPFilmHomeCollectionViewCell.swift in Sources */,
				98D0B2382B9AAFA9000904C9 /* PVPFilmDetailDescriptionTBVCell.swift in Sources */,
				98A39AC92B99CCBB008E5676 /* PVPFilmSearchAPIRouter.swift in Sources */,
				9874265C2B985C2D0014939B /* PVPFilmError.swift in Sources */,
				98FBD1B02B9B50E6003B69D6 /* String+Ext.swift in Sources */,
				9800F0972B998EEF0002BB7A /* PVPFilmHelper.swift in Sources */,
				985D489D2B9A077600BD65A8 /* PVPFilmDetaiilViewController.swift in Sources */,
				9800F0952B998E9C0002BB7A /* PVPFilmHomeCoordinator.swift in Sources */,
				985D48A22B9A07B800BD65A8 /* PVPFilmDetaiilUseCase.swift in Sources */,
				987426632B9875BB0014939B /* PVPFilmSearchViewModel.swift in Sources */,
				9800F0932B998E8B0002BB7A /* PVPFilmHomeUseCase.swift in Sources */,
				987426692B987CA20014939B /* Array+Ext.swift in Sources */,
				9874265F2B98715F0014939B /* PVPFilmDetailModel.swift in Sources */,
				98D0B2342B9AA7EF000904C9 /* PVPFilmDetaiilAPIRouter.swift in Sources */,
				98A39AC72B99CB6C008E5676 /* PVPFilmSearchUseCase.swift in Sources */,
				987426612B9874440014939B /* PVPFilmByCategoryModel.swift in Sources */,
			);
			runOnlyForDeploymentPostprocessing = 0;
		};
/* End PBXSourcesBuildPhase section */

/* Begin PBXVariantGroup section */
		98F0FFD62B9843AA003FB7F4 /* LaunchScreen.storyboard */ = {
			isa = PBXVariantGroup;
			children = (
				98F0FFD72B9843AA003FB7F4 /* Base */,
			);
			name = LaunchScreen.storyboard;
			sourceTree = "<group>";
		};
/* End PBXVariantGroup section */

/* Begin XCBuildConfiguration section */
		98F0FFDA2B9843AA003FB7F4 /* Debug */ = {
			isa = XCBuildConfiguration;
			buildSettings = {
				ALWAYS_SEARCH_USER_PATHS = NO;
				ASSETCATALOG_COMPILER_GENERATE_SWIFT_ASSET_SYMBOL_EXTENSIONS = YES;
				CLANG_ANALYZER_NONNULL = YES;
				CLANG_ANALYZER_NUMBER_OBJECT_CONVERSION = YES_AGGRESSIVE;
				CLANG_CXX_LANGUAGE_STANDARD = "gnu++20";
				CLANG_ENABLE_MODULES = YES;
				CLANG_ENABLE_OBJC_ARC = YES;
				CLANG_ENABLE_OBJC_WEAK = YES;
				CLANG_WARN_BLOCK_CAPTURE_AUTORELEASING = YES;
				CLANG_WARN_BOOL_CONVERSION = YES;
				CLANG_WARN_COMMA = YES;
				CLANG_WARN_CONSTANT_CONVERSION = YES;
				CLANG_WARN_DEPRECATED_OBJC_IMPLEMENTATIONS = YES;
				CLANG_WARN_DIRECT_OBJC_ISA_USAGE = YES_ERROR;
				CLANG_WARN_DOCUMENTATION_COMMENTS = YES;
				CLANG_WARN_EMPTY_BODY = YES;
				CLANG_WARN_ENUM_CONVERSION = YES;
				CLANG_WARN_INFINITE_RECURSION = YES;
				CLANG_WARN_INT_CONVERSION = YES;
				CLANG_WARN_NON_LITERAL_NULL_CONVERSION = YES;
				CLANG_WARN_OBJC_IMPLICIT_RETAIN_SELF = YES;
				CLANG_WARN_OBJC_LITERAL_CONVERSION = YES;
				CLANG_WARN_OBJC_ROOT_CLASS = YES_ERROR;
				CLANG_WARN_QUOTED_INCLUDE_IN_FRAMEWORK_HEADER = YES;
				CLANG_WARN_RANGE_LOOP_ANALYSIS = YES;
				CLANG_WARN_STRICT_PROTOTYPES = YES;
				CLANG_WARN_SUSPICIOUS_MOVE = YES;
				CLANG_WARN_UNGUARDED_AVAILABILITY = YES_AGGRESSIVE;
				CLANG_WARN_UNREACHABLE_CODE = YES;
				CLANG_WARN__DUPLICATE_METHOD_MATCH = YES;
				COPY_PHASE_STRIP = NO;
				DEBUG_INFORMATION_FORMAT = dwarf;
				ENABLE_STRICT_OBJC_MSGSEND = YES;
				ENABLE_TESTABILITY = YES;
				ENABLE_USER_SCRIPT_SANDBOXING = YES;
				GCC_C_LANGUAGE_STANDARD = gnu17;
				GCC_DYNAMIC_NO_PIC = NO;
				GCC_NO_COMMON_BLOCKS = YES;
				GCC_OPTIMIZATION_LEVEL = 0;
				GCC_PREPROCESSOR_DEFINITIONS = (
					"DEBUG=1",
					"$(inherited)",
				);
				GCC_WARN_64_TO_32_BIT_CONVERSION = YES;
				GCC_WARN_ABOUT_RETURN_TYPE = YES_ERROR;
				GCC_WARN_UNDECLARED_SELECTOR = YES;
				GCC_WARN_UNINITIALIZED_AUTOS = YES_AGGRESSIVE;
				GCC_WARN_UNUSED_FUNCTION = YES;
				GCC_WARN_UNUSED_VARIABLE = YES;
				IPHONEOS_DEPLOYMENT_TARGET = 17.2;
				LOCALIZATION_PREFERS_STRING_CATALOGS = YES;
				MTL_ENABLE_DEBUG_INFO = INCLUDE_SOURCE;
				MTL_FAST_MATH = YES;
				ONLY_ACTIVE_ARCH = YES;
				SDKROOT = iphoneos;
				SWIFT_ACTIVE_COMPILATION_CONDITIONS = "DEBUG $(inherited)";
				SWIFT_OPTIMIZATION_LEVEL = "-Onone";
			};
			name = Debug;
		};
		98F0FFDB2B9843AA003FB7F4 /* Release */ = {
			isa = XCBuildConfiguration;
			buildSettings = {
				ALWAYS_SEARCH_USER_PATHS = NO;
				ASSETCATALOG_COMPILER_GENERATE_SWIFT_ASSET_SYMBOL_EXTENSIONS = YES;
				CLANG_ANALYZER_NONNULL = YES;
				CLANG_ANALYZER_NUMBER_OBJECT_CONVERSION = YES_AGGRESSIVE;
				CLANG_CXX_LANGUAGE_STANDARD = "gnu++20";
				CLANG_ENABLE_MODULES = YES;
				CLANG_ENABLE_OBJC_ARC = YES;
				CLANG_ENABLE_OBJC_WEAK = YES;
				CLANG_WARN_BLOCK_CAPTURE_AUTORELEASING = YES;
				CLANG_WARN_BOOL_CONVERSION = YES;
				CLANG_WARN_COMMA = YES;
				CLANG_WARN_CONSTANT_CONVERSION = YES;
				CLANG_WARN_DEPRECATED_OBJC_IMPLEMENTATIONS = YES;
				CLANG_WARN_DIRECT_OBJC_ISA_USAGE = YES_ERROR;
				CLANG_WARN_DOCUMENTATION_COMMENTS = YES;
				CLANG_WARN_EMPTY_BODY = YES;
				CLANG_WARN_ENUM_CONVERSION = YES;
				CLANG_WARN_INFINITE_RECURSION = YES;
				CLANG_WARN_INT_CONVERSION = YES;
				CLANG_WARN_NON_LITERAL_NULL_CONVERSION = YES;
				CLANG_WARN_OBJC_IMPLICIT_RETAIN_SELF = YES;
				CLANG_WARN_OBJC_LITERAL_CONVERSION = YES;
				CLANG_WARN_OBJC_ROOT_CLASS = YES_ERROR;
				CLANG_WARN_QUOTED_INCLUDE_IN_FRAMEWORK_HEADER = YES;
				CLANG_WARN_RANGE_LOOP_ANALYSIS = YES;
				CLANG_WARN_STRICT_PROTOTYPES = YES;
				CLANG_WARN_SUSPICIOUS_MOVE = YES;
				CLANG_WARN_UNGUARDED_AVAILABILITY = YES_AGGRESSIVE;
				CLANG_WARN_UNREACHABLE_CODE = YES;
				CLANG_WARN__DUPLICATE_METHOD_MATCH = YES;
				COPY_PHASE_STRIP = NO;
				DEBUG_INFORMATION_FORMAT = "dwarf-with-dsym";
				ENABLE_NS_ASSERTIONS = NO;
				ENABLE_STRICT_OBJC_MSGSEND = YES;
				ENABLE_USER_SCRIPT_SANDBOXING = YES;
				GCC_C_LANGUAGE_STANDARD = gnu17;
				GCC_NO_COMMON_BLOCKS = YES;
				GCC_WARN_64_TO_32_BIT_CONVERSION = YES;
				GCC_WARN_ABOUT_RETURN_TYPE = YES_ERROR;
				GCC_WARN_UNDECLARED_SELECTOR = YES;
				GCC_WARN_UNINITIALIZED_AUTOS = YES_AGGRESSIVE;
				GCC_WARN_UNUSED_FUNCTION = YES;
				GCC_WARN_UNUSED_VARIABLE = YES;
				IPHONEOS_DEPLOYMENT_TARGET = 17.2;
				LOCALIZATION_PREFERS_STRING_CATALOGS = YES;
				MTL_ENABLE_DEBUG_INFO = NO;
				MTL_FAST_MATH = YES;
				SDKROOT = iphoneos;
				SWIFT_COMPILATION_MODE = wholemodule;
				VALIDATE_PRODUCT = YES;
			};
			name = Release;
		};
		98F0FFDD2B9843AA003FB7F4 /* Debug */ = {
			isa = XCBuildConfiguration;
			buildSettings = {
				ASSETCATALOG_COMPILER_APPICON_NAME = AppIcon;
				ASSETCATALOG_COMPILER_GLOBAL_ACCENT_COLOR_NAME = AccentColor;
				CODE_SIGN_STYLE = Automatic;
				CURRENT_PROJECT_VERSION = 1;
				DEVELOPMENT_TEAM = K37AWF69L5;
				GENERATE_INFOPLIST_FILE = YES;
				INFOPLIST_FILE = PhongPVFilm/Info.plist;
				INFOPLIST_KEY_UIApplicationSupportsIndirectInputEvents = YES;
				INFOPLIST_KEY_UILaunchStoryboardName = LaunchScreen.storyboard;
				INFOPLIST_KEY_UISupportedInterfaceOrientations_iPad = "UIInterfaceOrientationPortrait UIInterfaceOrientationPortraitUpsideDown UIInterfaceOrientationLandscapeLeft UIInterfaceOrientationLandscapeRight";
				INFOPLIST_KEY_UISupportedInterfaceOrientations_iPhone = "UIInterfaceOrientationPortrait UIInterfaceOrientationLandscapeLeft UIInterfaceOrientationLandscapeRight";
				IPHONEOS_DEPLOYMENT_TARGET = 12.0;
				LD_RUNPATH_SEARCH_PATHS = (
					"$(inherited)",
					"@executable_path/Frameworks",
				);
				MARKETING_VERSION = 1.0;
				PRODUCT_BUNDLE_IDENTIFIER = phongpv30.PhongPVFilm;
				PRODUCT_NAME = "$(TARGET_NAME)";
				SWIFT_EMIT_LOC_STRINGS = YES;
				SWIFT_VERSION = 5.0;
				TARGETED_DEVICE_FAMILY = "1,2";
			};
			name = Debug;
		};
		98F0FFDE2B9843AA003FB7F4 /* Release */ = {
			isa = XCBuildConfiguration;
			buildSettings = {
				ASSETCATALOG_COMPILER_APPICON_NAME = AppIcon;
				ASSETCATALOG_COMPILER_GLOBAL_ACCENT_COLOR_NAME = AccentColor;
				CODE_SIGN_STYLE = Automatic;
				CURRENT_PROJECT_VERSION = 1;
				DEVELOPMENT_TEAM = K37AWF69L5;
				GENERATE_INFOPLIST_FILE = YES;
				INFOPLIST_FILE = PhongPVFilm/Info.plist;
				INFOPLIST_KEY_UIApplicationSupportsIndirectInputEvents = YES;
				INFOPLIST_KEY_UILaunchStoryboardName = LaunchScreen.storyboard;
				INFOPLIST_KEY_UISupportedInterfaceOrientations_iPad = "UIInterfaceOrientationPortrait UIInterfaceOrientationPortraitUpsideDown UIInterfaceOrientationLandscapeLeft UIInterfaceOrientationLandscapeRight";
				INFOPLIST_KEY_UISupportedInterfaceOrientations_iPhone = "UIInterfaceOrientationPortrait UIInterfaceOrientationLandscapeLeft UIInterfaceOrientationLandscapeRight";
				IPHONEOS_DEPLOYMENT_TARGET = 12.0;
				LD_RUNPATH_SEARCH_PATHS = (
					"$(inherited)",
					"@executable_path/Frameworks",
				);
				MARKETING_VERSION = 1.0;
				PRODUCT_BUNDLE_IDENTIFIER = phongpv30.PhongPVFilm;
				PRODUCT_NAME = "$(TARGET_NAME)";
				SWIFT_EMIT_LOC_STRINGS = YES;
				SWIFT_VERSION = 5.0;
				TARGETED_DEVICE_FAMILY = "1,2";
			};
			name = Release;
		};
/* End XCBuildConfiguration section */

/* Begin XCConfigurationList section */
		98F0FFC32B9843A9003FB7F4 /* Build configuration list for PBXProject "PhongPVFilm" */ = {
			isa = XCConfigurationList;
			buildConfigurations = (
				98F0FFDA2B9843AA003FB7F4 /* Debug */,
				98F0FFDB2B9843AA003FB7F4 /* Release */,
			);
			defaultConfigurationIsVisible = 0;
			defaultConfigurationName = Release;
		};
		98F0FFDC2B9843AA003FB7F4 /* Build configuration list for PBXNativeTarget "PhongPVFilm" */ = {
			isa = XCConfigurationList;
			buildConfigurations = (
				98F0FFDD2B9843AA003FB7F4 /* Debug */,
				98F0FFDE2B9843AA003FB7F4 /* Release */,
			);
			defaultConfigurationIsVisible = 0;
			defaultConfigurationName = Release;
		};
/* End XCConfigurationList section */
	};
	rootObject = 98F0FFC02B9843A9003FB7F4 /* Project object */;
}
